
Microsoft Visual Studio Solution File, Format Version 12.00
# Visual Studio Version 17
VisualStudioVersion = 17.3.32901.215
MinimumVisualStudioVersion = 10.0.40219.1
Project("{8BC9CEB8-8B4A-11D0-8D11-00A0C91BC942}") = "IntroductionToOOP", "IntroductionToOOP\IntroductionToOOP.vcxproj", "{55F95099-7792-41B9-A1FD-56339C853D8B}"
EndProject
Project("{8BC9CEB8-8B4A-11D0-8D11-00A0C91BC942}") = "Fraction", "Fraction\Fraction.vcxproj", "{7CA49C5C-71B1-4624-85E4-5EE1BBF269DB}"
EndProject
Project("{8BC9CEB8-8B4A-11D0-8D11-00A0C91BC942}") = "String", "String\String.vcxproj", "{29407F5E-6E8C-4F4E-9FAD-44D37BB9D159}"
EndProject
Project("{8BC9CEB8-8B4A-11D0-8D11-00A0C91BC942}") = "Vector", "Vector\Vector.vcxproj", "{E63D7CA2-2B55-4A76-B8DB-6922CFC0DD4A}"
EndProject
Global
	GlobalSection(SolutionConfigurationPlatforms) = preSolution
		Debug|x64 = Debug|x64
		Debug|x86 = Debug|x86
		Release|x64 = Release|x64
		Release|x86 = Release|x86
	EndGlobalSection
	GlobalSection(ProjectConfigurationPlatforms) = postSolution
		{55F95099-7792-41B9-A1FD-56339C853D8B}.Debug|x64.ActiveCfg = Debug|x64
		{55F95099-7792-41B9-A1FD-56339C853D8B}.Debug|x64.Build.0 = Debug|x64
		{55F95099-7792-41B9-A1FD-56339C853D8B}.Debug|x86.ActiveCfg = Debug|Win32
		{55F95099-7792-41B9-A1FD-56339C853D8B}.Debug|x86.Build.0 = Debug|Win32
		{55F95099-7792-41B9-A1FD-56339C853D8B}.Release|x64.ActiveCfg = Release|x64
		{55F95099-7792-41B9-A1FD-56339C853D8B}.Release|x64.Build.0 = Release|x64
		{55F95099-7792-41B9-A1FD-56339C853D8B}.Release|x86.ActiveCfg = Release|Win32
		{55F95099-7792-41B9-A1FD-56339C853D8B}.Release|x86.Build.0 = Release|Win32
		{7CA49C5C-71B1-4624-85E4-5EE1BBF269DB}.Debug|x64.ActiveCfg = Debug|x64
		{7CA49C5C-71B1-4624-85E4-5EE1BBF269DB}.Debug|x64.Build.0 = Debug|x64
		{7CA49C5C-71B1-4624-85E4-5EE1BBF269DB}.Debug|x86.ActiveCfg = Debug|Win32
		{7CA49C5C-71B1-4624-85E4-5EE1BBF269DB}.Debug|x86.Build.0 = Debug|Win32
		{7CA49C5C-71B1-4624-85E4-5EE1BBF269DB}.Release|x64.ActiveCfg = Release|x64
		{7CA49C5C-71B1-4624-85E4-5EE1BBF269DB}.Release|x64.Build.0 = Release|x64
		{7CA49C5C-71B1-4624-85E4-5EE1BBF269DB}.Release|x86.ActiveCfg = Release|Win32
		{7CA49C5C-71B1-4624-85E4-5EE1BBF269DB}.Release|x86.Build.0 = Release|Win32
		{29407F5E-6E8C-4F4E-9FAD-44D37BB9D159}.Debug|x64.ActiveCfg = Debug|x64
		{29407F5E-6E8C-4F4E-9FAD-44D37BB9D159}.Debug|x64.Build.0 = Debug|x64
		{29407F5E-6E8C-4F4E-9FAD-44D37BB9D159}.Debug|x86.ActiveCfg = Debug|Win32
		{29407F5E-6E8C-4F4E-9FAD-44D37BB9D159}.Debug|x86.Build.0 = Debug|Win32
		{29407F5E-6E8C-4F4E-9FAD-44D37BB9D159}.Release|x64.ActiveCfg = Release|x64
		{29407F5E-6E8C-4F4E-9FAD-44D37BB9D159}.Release|x64.Build.0 = Release|x64
		{29407F5E-6E8C-4F4E-9FAD-44D37BB9D159}.Release|x86.ActiveCfg = Release|Win32
		{29407F5E-6E8C-4F4E-9FAD-44D37BB9D159}.Release|x86.Build.0 = Release|Win32
		{E63D7CA2-2B55-4A76-B8DB-6922CFC0DD4A}.Debug|x64.ActiveCfg = Debug|x64
		{E63D7CA2-2B55-4A76-B8DB-6922CFC0DD4A}.Debug|x64.Build.0 = Debug|x64
		{E63D7CA2-2B55-4A76-B8DB-6922CFC0DD4A}.Debug|x86.ActiveCfg = Debug|Win32
		{E63D7CA2-2B55-4A76-B8DB-6922CFC0DD4A}.Debug|x86.Build.0 = Debug|Win32
		{E63D7CA2-2B55-4A76-B8DB-6922CFC0DD4A}.Release|x64.ActiveCfg = Release|x64
		{E63D7CA2-2B55-4A76-B8DB-6922CFC0DD4A}.Release|x64.Build.0 = Release|x64
		{E63D7CA2-2B55-4A76-B8DB-6922CFC0DD4A}.Release|x86.ActiveCfg = Release|Win32
		{E63D7CA2-2B55-4A76-B8DB-6922CFC0DD4A}.Release|x86.Build.0 = Release|Win32
	EndGlobalSection
	GlobalSection(SolutionProperties) = preSolution
		HideSolutionNode = FALSE
	EndGlobalSection
	GlobalSection(ExtensibilityGlobals) = postSolution
		SolutionGuid = {27A1F8CC-9E4E-4FE2-BC8E-DFDC1C814F6A}
	EndGlobalSection
EndGlobal
